
Microsoft Visual Studio Solution File, Format Version 12.00
# Visual Studio Version 16
VisualStudioVersion = 16.0.29728.190
MinimumVisualStudioVersion = 10.0.40219.1
Project("{888888A0-9F3D-457C-B088-3A5042F75D52}") = "Form Application", "Form Application\Form Application.pyproj", "{7DE27885-AA3A-4EA3-9616-61F3AE420B38}"
EndProject
Global
	GlobalSection(SolutionConfigurationPlatforms) = preSolution
		Debug|Any CPU = Debug|Any CPU
		Release|Any CPU = Release|Any CPU
	EndGlobalSection
	GlobalSection(ProjectConfigurationPlatforms) = postSolution
		{7DE27885-AA3A-4EA3-9616-61F3AE420B38}.Debug|Any CPU.ActiveCfg = Debug|Any CPU
		{7DE27885-AA3A-4EA3-9616-61F3AE420B38}.Release|Any CPU.ActiveCfg = Release|Any CPU
	EndGlobalSection
	GlobalSection(SolutionProperties) = preSolution
		HideSolutionNode = FALSE
	EndGlobalSection
	GlobalSection(ExtensibilityGlobals) = postSolution
		SolutionGuid = {F0FA7B67-752B-489C-A2FD-705576B03B40}
	EndGlobalSection
EndGlobal
